{
  "name": "miniprogram",
  "version": "1.0.0",
  "lockfileVersion": 1,
  "requires": true,
  "dependencies": {
    "@antv/adjust": {
      "version": "0.0.7",
      "resolved": "https://registry.npmjs.org/@antv/adjust/-/adjust-0.0.7.tgz",
      "integrity": "sha512-6yxY/fvZcWJUHYvX5YeVBW5+XWwzcpo6YQf1gN6vuOswzvdslHmwC9jK3nGN32qJgVxBE9ZUsMfgfFn8vUgdPQ==",
      "requires": {
        "@antv/util": "1.2.5"
      }
    },
    "@antv/attr": {
      "version": "0.0.7",
      "resolved": "https://registry.npmjs.org/@antv/attr/-/attr-0.0.7.tgz",
      "integrity": "sha512-dgvJ2j6Sn7of8AET9ykTseS8mjwisLcAGf/UCkEaMLCduCr6hQtwAEBIZnEpk0b04QlD5pu0kqV93B1ItnvCPw==",
      "requires": {
        "@antv/util": "1.2.5"
      }
    },
    "@antv/f2": {
      "version": "3.3.3",
      "resolved": "https://registry.npmjs.org/@antv/f2/-/f2-3.3.3.tgz",
      "integrity": "sha512-0a8qGzEC9Nt6JVp0gJkQk19FTEQWG+3+fN2c1V6tlErTMp8T1k5/KtRVRtPoXfHoYrBrf2UMUw8upRmcL7BYow==",
      "requires": {
        "@antv/adjust": "0.0.7",
        "@antv/attr": "0.0.7",
        "@antv/scale": "0.0.9",
        "@antv/util": "1.2.5",
        "hammerjs": "2.0.8"
      }
    },
    "@antv/f2-canvas": {
      "version": "1.0.5",
      "resolved": "https://registry.npmjs.org/@antv/f2-canvas/-/f2-canvas-1.0.5.tgz",
      "integrity": "sha512-iE4u1kAcxGaluu1CA6F5R0/dfsCMhubEfOKvR6zRwGC9S9bCil0y6JNCsIkyPZGCQYkAtsg3WDlcu2yneyqUuw==",
      "requires": {
        "@antv/wx-f2": "1.1.4"
      }
    },
    "@antv/gl-matrix": {
      "version": "2.7.1",
      "resolved": "https://registry.npmjs.org/@antv/gl-matrix/-/gl-matrix-2.7.1.tgz",
      "integrity": "sha512-oOWcVNlpELIKi9x+Mm1Vwbz8pXfkbJKykoCIOJ/dNK79hSIANbpXJ5d3Rra9/wZqK6MC961B7sybFhPlLraT3Q=="
    },
    "@antv/scale": {
      "version": "0.0.9",
      "resolved": "https://registry.npmjs.org/@antv/scale/-/scale-0.0.9.tgz",
      "integrity": "sha512-s9LDtGz7n+m3jKJozGIhykveIJkpfXqJo2okgOP75u35S9pNXM9F/CVcwI1/GabPUxe87X7m2md3CZ5VtGud8w==",
      "requires": {
        "@antv/util": "1.2.5",
        "fecha": "2.3.3"
      }
    },
    "@antv/util": {
      "version": "1.2.5",
      "resolved": "https://registry.npmjs.org/@antv/util/-/util-1.2.5.tgz",
      "integrity": "sha512-yz1AjXSEjNu9O5kK9pqKq69f/Iliu/IA3XXljUcfrlbUtmUJ0CH1tB5I60vPqfaKaUPhz+/35K+56yqaCsGmqA==",
      "requires": {
        "@antv/gl-matrix": "2.7.1"
      }
    },
    "@antv/wx-f2": {
      "version": "1.1.4",
      "resolved": "https://registry.npmjs.org/@antv/wx-f2/-/wx-f2-1.1.4.tgz",
      "integrity": "sha512-XaMUwS16ONcpHIEK4yv6wOIxrwSqzhLx4di2kmumQI8xi5vZK1bslJCtjSaxbNS99febpZkZqgwgAmXOOrMYmA==",
      "requires": {
        "@antv/f2": "3.3.3",
        "wolfy87-eventemitter": "5.2.5"
      }
    },
    "fecha": {
      "version": "2.3.3",
      "resolved": "http://registry.npmjs.org/fecha/-/fecha-2.3.3.tgz",
      "integrity": "sha512-lUGBnIamTAwk4znq5BcqsDaxSmZ9nDVJaij6NvRt/Tg4R69gERA+otPKbS86ROw9nxVMw2/mp1fnaiWqbs6Sdg=="
    },
    "hammerjs": {
      "version": "2.0.8",
      "resolved": "https://registry.npmjs.org/hammerjs/-/hammerjs-2.0.8.tgz",
      "integrity": "sha1-BO93hiz/K7edMPdpIJWTAiK/YPE="
    },
    "wolfy87-eventemitter": {
      "version": "5.2.5",
      "resolved": "https://registry.npmjs.org/wolfy87-eventemitter/-/wolfy87-eventemitter-5.2.5.tgz",
      "integrity": "sha512-1Og5JkuMNZfZcDn76HM1ktUqG8MOMWKpaGdExM1pcTloUNSBkx4Mti3/jRKSTt1vI3P7S8BTkFogqMbc7m3A7Q=="
    }
  }
}
